// !$*UTF8*$!
{
	archiveVersion = 1;
	classes = {
	};
	objectVersion = 46;
	objects = {

/* Begin PBXBuildFile section */
		C706D0B519803A5B00A7FB19 /* AppDelegate.swift in Sources */ = {isa = PBXBuildFile; fileRef = C706D0B419803A5B00A7FB19 /* AppDelegate.swift */; };
		C706D0B719803A5B00A7FB19 /* ViewController.swift in Sources */ = {isa = PBXBuildFile; fileRef = C706D0B619803A5B00A7FB19 /* ViewController.swift */; };
		C706D0BA19803A5B00A7FB19 /* Main.storyboard in Resources */ = {isa = PBXBuildFile; fileRef = C706D0B819803A5B00A7FB19 /* Main.storyboard */; };
		C706D0BC19803A5B00A7FB19 /* Images.xcassets in Resources */ = {isa = PBXBuildFile; fileRef = C706D0BB19803A5B00A7FB19 /* Images.xcassets */; };
		C706D0C819803A5B00A7FB19 /* DropdownNavigationTests.swift in Sources */ = {isa = PBXBuildFile; fileRef = C706D0C719803A5B00A7FB19 /* DropdownNavigationTests.swift */; };
		C706D0D519803E5400A7FB19 /* MenuViewController.swift in Sources */ = {isa = PBXBuildFile; fileRef = C706D0D319803E5400A7FB19 /* MenuViewController.swift */; };
		C706D0D619803E5400A7FB19 /* MenuViewController.xib in Resources */ = {isa = PBXBuildFile; fileRef = C706D0D419803E5400A7FB19 /* MenuViewController.xib */; };
		C706D0D81981324D00A7FB19 /* MenuTransitioner.swift in Sources */ = {isa = PBXBuildFile; fileRef = C706D0D71981324D00A7FB19 /* MenuTransitioner.swift */; };
		C706D0DA198132D200A7FB19 /* MenuPresentationController.swift in Sources */ = {isa = PBXBuildFile; fileRef = C706D0D9198132D200A7FB19 /* MenuPresentationController.swift */; };
/* End PBXBuildFile section */

/* Begin PBXContainerItemProxy section */
		C706D0C219803A5B00A7FB19 /* PBXContainerItemProxy */ = {
			isa = PBXContainerItemProxy;
			containerPortal = C706D0A719803A5B00A7FB19 /* Project object */;
			proxyType = 1;
			remoteGlobalIDString = C706D0AE19803A5B00A7FB19;
			remoteInfo = DropdownNavigation;
		};
/* End PBXContainerItemProxy section */

/* Begin PBXFileReference section */
		C706D0AF19803A5B00A7FB19 /* DropdownNavigation.app */ = {isa = PBXFileReference; explicitFileType = wrapper.application; includeInIndex = 0; path = DropdownNavigation.app; sourceTree = BUILT_PRODUCTS_DIR; };
		C706D0B319803A5B00A7FB19 /* Info.plist */ = {isa = PBXFileReference; lastKnownFileType = text.plist.xml; path = Info.plist; sourceTree = "<group>"; };
		C706D0B419803A5B00A7FB19 /* AppDelegate.swift */ = {isa = PBXFileReference; lastKnownFileType = sourcecode.swift; path = AppDelegate.swift; sourceTree = "<group>"; };
		C706D0B619803A5B00A7FB19 /* ViewController.swift */ = {isa = PBXFileReference; lastKnownFileType = sourcecode.swift; path = ViewController.swift; sourceTree = "<group>"; };
		C706D0B919803A5B00A7FB19 /* Base */ = {isa = PBXFileReference; lastKnownFileType = file.storyboard; name = Base; path = Base.lproj/Main.storyboard; sourceTree = "<group>"; };
		C706D0BB19803A5B00A7FB19 /* Images.xcassets */ = {isa = PBXFileReference; lastKnownFileType = folder.assetcatalog; path = Images.xcassets; sourceTree = "<group>"; };
		C706D0C119803A5B00A7FB19 /* DropdownNavigationTests.xctest */ = {isa = PBXFileReference; explicitFileType = wrapper.cfbundle; includeInIndex = 0; path = DropdownNavigationTests.xctest; sourceTree = BUILT_PRODUCTS_DIR; };
		C706D0C619803A5B00A7FB19 /* Info.plist */ = {isa = PBXFileReference; lastKnownFileType = text.plist.xml; path = Info.plist; sourceTree = "<group>"; };
		C706D0C719803A5B00A7FB19 /* DropdownNavigationTests.swift */ = {isa = PBXFileReference; lastKnownFileType = sourcecode.swift; path = DropdownNavigationTests.swift; sourceTree = "<group>"; };
		C706D0D319803E5400A7FB19 /* MenuViewController.swift */ = {isa = PBXFileReference; fileEncoding = 4; lastKnownFileType = sourcecode.swift; path = MenuViewController.swift; sourceTree = "<group>"; };
		C706D0D419803E5400A7FB19 /* MenuViewController.xib */ = {isa = PBXFileReference; fileEncoding = 4; lastKnownFileType = file.xib; path = MenuViewController.xib; sourceTree = "<group>"; };
		C706D0D71981324D00A7FB19 /* MenuTransitioner.swift */ = {isa = PBXFileReference; fileEncoding = 4; lastKnownFileType = sourcecode.swift; path = MenuTransitioner.swift; sourceTree = "<group>"; };
		C706D0D9198132D200A7FB19 /* MenuPresentationController.swift */ = {isa = PBXFileReference; fileEncoding = 4; lastKnownFileType = sourcecode.swift; path = MenuPresentationController.swift; sourceTree = "<group>"; };
/* End PBXFileReference section */

/* Begin PBXFrameworksBuildPhase section */
		C706D0AC19803A5B00A7FB19 /* Frameworks */ = {
			isa = PBXFrameworksBuildPhase;
			buildActionMask = 2147483647;
			files = (
			);
			runOnlyForDeploymentPostprocessing = 0;
		};
		C706D0BE19803A5B00A7FB19 /* Frameworks */ = {
			isa = PBXFrameworksBuildPhase;
			buildActionMask = 2147483647;
			files = (
			);
			runOnlyForDeploymentPostprocessing = 0;
		};
/* End PBXFrameworksBuildPhase section */

/* Begin PBXGroup section */
		C706D0A619803A5B00A7FB19 = {
			isa = PBXGroup;
			children = (
				C706D0B119803A5B00A7FB19 /* DropdownNavigation */,
				C706D0C419803A5B00A7FB19 /* DropdownNavigationTests */,
				C706D0B019803A5B00A7FB19 /* Products */,
			);
			sourceTree = "<group>";
		};
		C706D0B019803A5B00A7FB19 /* Products */ = {
			isa = PBXGroup;
			children = (
				C706D0AF19803A5B00A7FB19 /* DropdownNavigation.app */,
				C706D0C119803A5B00A7FB19 /* DropdownNavigationTests.xctest */,
			);
			name = Products;
			sourceTree = "<group>";
		};
		C706D0B119803A5B00A7FB19 /* DropdownNavigation */ = {
			isa = PBXGroup;
			children = (
				C706D0B419803A5B00A7FB19 /* AppDelegate.swift */,
				C706D0B619803A5B00A7FB19 /* ViewController.swift */,
				C706D0B819803A5B00A7FB19 /* Main.storyboard */,
				C706D0BB19803A5B00A7FB19 /* Images.xcassets */,
				C706D0B219803A5B00A7FB19 /* Supporting Files */,
				C706D0D319803E5400A7FB19 /* MenuViewController.swift */,
				C706D0D419803E5400A7FB19 /* MenuViewController.xib */,
				C706D0D71981324D00A7FB19 /* MenuTransitioner.swift */,
				C706D0D9198132D200A7FB19 /* MenuPresentationController.swift */,
			);
			path = DropdownNavigation;
			sourceTree = "<group>";
		};
		C706D0B219803A5B00A7FB19 /* Supporting Files */ = {
			isa = PBXGroup;
			children = (
				C706D0B319803A5B00A7FB19 /* Info.plist */,
			);
			name = "Supporting Files";
			sourceTree = "<group>";
		};
		C706D0C419803A5B00A7FB19 /* DropdownNavigationTests */ = {
			isa = PBXGroup;
			children = (
				C706D0C719803A5B00A7FB19 /* DropdownNavigationTests.swift */,
				C706D0C519803A5B00A7FB19 /* Supporting Files */,
			);
			path = DropdownNavigationTests;
			sourceTree = "<group>";
		};
		C706D0C519803A5B00A7FB19 /* Supporting Files */ = {
			isa = PBXGroup;
			children = (
				C706D0C619803A5B00A7FB19 /* Info.plist */,
			);
			name = "Supporting Files";
			sourceTree = "<group>";
		};
/* End PBXGroup section */

/* Begin PBXNativeTarget section */
		C706D0AE19803A5B00A7FB19 /* DropdownNavigation */ = {
			isa = PBXNativeTarget;
			buildConfigurationList = C706D0CB19803A5B00A7FB19 /* Build configuration list for PBXNativeTarget "DropdownNavigation" */;
			buildPhases = (
				C706D0AB19803A5B00A7FB19 /* Sources */,
				C706D0AC19803A5B00A7FB19 /* Frameworks */,
				C706D0AD19803A5B00A7FB19 /* Resources */,
			);
			buildRules = (
			);
			dependencies = (
			);
			name = DropdownNavigation;
			productName = DropdownNavigation;
			productReference = C706D0AF19803A5B00A7FB19 /* DropdownNavigation.app */;
			productType = "com.apple.product-type.application";
		};
		C706D0C019803A5B00A7FB19 /* DropdownNavigationTests */ = {
			isa = PBXNativeTarget;
			buildConfigurationList = C706D0CE19803A5B00A7FB19 /* Build configuration list for PBXNativeTarget "DropdownNavigationTests" */;
			buildPhases = (
				C706D0BD19803A5B00A7FB19 /* Sources */,
				C706D0BE19803A5B00A7FB19 /* Frameworks */,
				C706D0BF19803A5B00A7FB19 /* Resources */,
			);
			buildRules = (
			);
			dependencies = (
				C706D0C319803A5B00A7FB19 /* PBXTargetDependency */,
			);
			name = DropdownNavigationTests;
			productName = DropdownNavigationTests;
			productReference = C706D0C119803A5B00A7FB19 /* DropdownNavigationTests.xctest */;
			productType = "com.apple.product-type.bundle.unit-test";
		};
/* End PBXNativeTarget section */

/* Begin PBXProject section */
		C706D0A719803A5B00A7FB19 /* Project object */ = {
			isa = PBXProject;
			attributes = {
				LastUpgradeCheck = 0600;
				ORGANIZATIONNAME = "Josip Cavar";
				TargetAttributes = {
					C706D0AE19803A5B00A7FB19 = {
						CreatedOnToolsVersion = 6.0;
					};
					C706D0C019803A5B00A7FB19 = {
						CreatedOnToolsVersion = 6.0;
						TestTargetID = C706D0AE19803A5B00A7FB19;
					};
				};
			};
			buildConfigurationList = C706D0AA19803A5B00A7FB19 /* Build configuration list for PBXProject "DropdownNavigation" */;
			compatibilityVersion = "Xcode 3.2";
			developmentRegion = English;
			hasScannedForEncodings = 0;
			knownRegions = (
				en,
				Base,
			);
			mainGroup = C706D0A619803A5B00A7FB19;
			productRefGroup = C706D0B019803A5B00A7FB19 /* Products */;
			projectDirPath = "";
			projectRoot = "";
			targets = (
				C706D0AE19803A5B00A7FB19 /* DropdownNavigation */,
				C706D0C019803A5B00A7FB19 /* DropdownNavigationTests */,
			);
		};
/* End PBXProject section */

/* Begin PBXResourcesBuildPhase section */
		C706D0AD19803A5B00A7FB19 /* Resources */ = {
			isa = PBXResourcesBuildPhase;
			buildActionMask = 2147483647;
			files = (
				C706D0BA19803A5B00A7FB19 /* Main.storyboard in Resources */,
				C706D0D619803E5400A7FB19 /* MenuViewController.xib in Resources */,
				C706D0BC19803A5B00A7FB19 /* Images.xcassets in Resources */,
			);
			runOnlyForDeploymentPostprocessing = 0;
		};
		C706D0BF19803A5B00A7FB19 /* Resources */ = {
			isa = PBXResourcesBuildPhase;
			buildActionMask = 2147483647;
			files = (
			);
			runOnlyForDeploymentPostprocessing = 0;
		};
/* End PBXResourcesBuildPhase section */

/* Begin PBXSourcesBuildPhase section */
		C706D0AB19803A5B00A7FB19 /* Sources */ = {
			isa = PBXSourcesBuildPhase;
			buildActionMask = 2147483647;
			files = (
				C706D0D81981324D00A7FB19 /* MenuTransitioner.swift in Sources */,
				C706D0DA198132D200A7FB19 /* MenuPresentationController.swift in Sources */,
				C706D0B719803A5B00A7FB19 /* ViewController.swift in Sources */,
				C706D0B519803A5B00A7FB19 /* AppDelegate.swift in Sources */,
				C706D0D519803E5400A7FB19 /* MenuViewController.swift in Sources */,
			);
			runOnlyForDeploymentPostprocessing = 0;
		};
		C706D0BD19803A5B00A7FB19 /* Sources */ = {
			isa = PBXSourcesBuildPhase;
			buildActionMask = 2147483647;
			files = (
				C706D0C819803A5B00A7FB19 /* DropdownNavigationTests.swift in Sources */,
			);
			runOnlyForDeploymentPostprocessing = 0;
		};
/* End PBXSourcesBuildPhase section */

/* Begin PBXTargetDependency section */
		C706D0C319803A5B00A7FB19 /* PBXTargetDependency */ = {
			isa = PBXTargetDependency;
			target = C706D0AE19803A5B00A7FB19 /* DropdownNavigation */;
			targetProxy = C706D0C219803A5B00A7FB19 /* PBXContainerItemProxy */;
		};
/* End PBXTargetDependency section */

/* Begin PBXVariantGroup section */
		C706D0B819803A5B00A7FB19 /* Main.storyboard */ = {
			isa = PBXVariantGroup;
			children = (
				C706D0B919803A5B00A7FB19 /* Base */,
			);
			name = Main.storyboard;
			sourceTree = "<group>";
		};
/* End PBXVariantGroup section */

/* Begin XCBuildConfiguration section */
		C706D0C919803A5B00A7FB19 /* Debug */ = {
			isa = XCBuildConfiguration;
			buildSettings = {
				ALWAYS_SEARCH_USER_PATHS = NO;
				CLANG_CXX_LANGUAGE_STANDARD = "gnu++0x";
				CLANG_CXX_LIBRARY = "libc++";
				CLANG_ENABLE_MODULES = YES;
				CLANG_ENABLE_OBJC_ARC = YES;
				CLANG_WARN_BOOL_CONVERSION = YES;
				CLANG_WARN_CONSTANT_CONVERSION = YES;
				CLANG_WARN_DIRECT_OBJC_ISA_USAGE = YES_ERROR;
				CLANG_WARN_EMPTY_BODY = YES;
				CLANG_WARN_ENUM_CONVERSION = YES;
				CLANG_WARN_INT_CONVERSION = YES;
				CLANG_WARN_OBJC_ROOT_CLASS = YES_ERROR;
				CLANG_WARN_UNREACHABLE_CODE = YES;
				CLANG_WARN__DUPLICATE_METHOD_MATCH = YES;
				"CODE_SIGN_IDENTITY[sdk=iphoneos*]" = "iPhone Developer";
				COPY_PHASE_STRIP = NO;
				ENABLE_STRICT_OBJC_MSGSEND = YES;
				GCC_C_LANGUAGE_STANDARD = gnu99;
				GCC_DYNAMIC_NO_PIC = NO;
				GCC_OPTIMIZATION_LEVEL = 0;
				GCC_PREPROCESSOR_DEFINITIONS = (
					"DEBUG=1",
					"$(inherited)",
				);
				GCC_SYMBOLS_PRIVATE_EXTERN = NO;
				GCC_WARN_64_TO_32_BIT_CONVERSION = YES;
				GCC_WARN_ABOUT_RETURN_TYPE = YES_ERROR;
				GCC_WARN_UNDECLARED_SELECTOR = YES;
				GCC_WARN_UNINITIALIZED_AUTOS = YES_AGGRESSIVE;
				GCC_WARN_UNUSED_FUNCTION = YES;
				GCC_WARN_UNUSED_VARIABLE = YES;
				IPHONEOS_DEPLOYMENT_TARGET = 8.0;
				MTL_ENABLE_DEBUG_INFO = YES;
				ONLY_ACTIVE_ARCH = YES;
				SDKROOT = iphoneos;
				SWIFT_OPTIMIZATION_LEVEL = "-Onone";
				TARGETED_DEVICE_FAMILY = "1,2";
			};
			name = Debug;
		};
		C706D0CA19803A5B00A7FB19 /* Release */ = {
			isa = XCBuildConfiguration;
			buildSettings = {
				ALWAYS_SEARCH_USER_PATHS = NO;
				CLANG_CXX_LANGUAGE_STANDARD = "gnu++0x";
				CLANG_CXX_LIBRARY = "libc++";
				CLANG_ENABLE_MODULES = YES;
				CLANG_ENABLE_OBJC_ARC = YES;
				CLANG_WARN_BOOL_CONVERSION = YES;
				CLANG_WARN_CONSTANT_CONVERSION = YES;
				CLANG_WARN_DIRECT_OBJC_ISA_USAGE = YES_ERROR;
				CLANG_WARN_EMPTY_BODY = YES;
				CLANG_WARN_ENUM_CONVERSION = YES;
				CLANG_WARN_INT_CONVERSION = YES;
				CLANG_WARN_OBJC_ROOT_CLASS = YES_ERROR;
				CLANG_WARN_UNREACHABLE_CODE = YES;
				CLANG_WARN__DUPLICATE_METHOD_MATCH = YES;
				"CODE_SIGN_IDENTITY[sdk=iphoneos*]" = "iPhone Developer";
				COPY_PHASE_STRIP = YES;
				ENABLE_NS_ASSERTIONS = NO;
				ENABLE_STRICT_OBJC_MSGSEND = YES;
				GCC_C_LANGUAGE_STANDARD = gnu99;
				GCC_WARN_64_TO_32_BIT_CONVERSION = YES;
				GCC_WARN_ABOUT_RETURN_TYPE = YES_ERROR;
				GCC_WARN_UNDECLARED_SELECTOR = YES;
				GCC_WARN_UNINITIALIZED_AUTOS = YES_AGGRESSIVE;
				GCC_WARN_UNUSED_FUNCTION = YES;
				GCC_WARN_UNUSED_VARIABLE = YES;
				IPHONEOS_DEPLOYMENT_TARGET = 8.0;
				MTL_ENABLE_DEBUG_INFO = NO;
				SDKROOT = iphoneos;
				TARGETED_DEVICE_FAMILY = "1,2";
				VALIDATE_PRODUCT = YES;
			};
			name = Release;
		};
		C706D0CC19803A5B00A7FB19 /* Debug */ = {
			isa = XCBuildConfiguration;
			buildSettings = {
				ASSETCATALOG_COMPILER_APPICON_NAME = AppIcon;
				ASSETCATALOG_COMPILER_LAUNCHIMAGE_NAME = LaunchImage;
				INFOPLIST_FILE = DropdownNavigation/Info.plist;
				LD_RUNPATH_SEARCH_PATHS = "$(inherited) @executable_path/Frameworks";
				PRODUCT_NAME = "$(TARGET_NAME)";
			};
			name = Debug;
		};
		C706D0CD19803A5B00A7FB19 /* Release */ = {
			isa = XCBuildConfiguration;
			buildSettings = {
				ASSETCATALOG_COMPILER_APPICON_NAME = AppIcon;
				ASSETCATALOG_COMPILER_LAUNCHIMAGE_NAME = LaunchImage;
				INFOPLIST_FILE = DropdownNavigation/Info.plist;
				LD_RUNPATH_SEARCH_PATHS = "$(inherited) @executable_path/Frameworks";
				PRODUCT_NAME = "$(TARGET_NAME)";
			};
			name = Release;
		};
		C706D0CF19803A5B00A7FB19 /* Debug */ = {
			isa = XCBuildConfiguration;
			buildSettings = {
				BUNDLE_LOADER = "$(BUILT_PRODUCTS_DIR)/DropdownNavigation.app/DropdownNavigation";
				FRAMEWORK_SEARCH_PATHS = (
					"$(SDKROOT)/Developer/Library/Frameworks",
					"$(inherited)",
				);
				GCC_PREPROCESSOR_DEFINITIONS = (
					"DEBUG=1",
					"$(inherited)",
				);
				INFOPLIST_FILE = DropdownNavigationTests/Info.plist;
				LD_RUNPATH_SEARCH_PATHS = "$(inherited) @executable_path/Frameworks @loader_path/Frameworks";
				PRODUCT_NAME = "$(TARGET_NAME)";
				TEST_HOST = "$(BUNDLE_LOADER)";
			};
			name = Debug;
		};
		C706D0D019803A5B00A7FB19 /* Release */ = {
			isa = XCBuildConfiguration;
			buildSettings = {
				BUNDLE_LOADER = "$(BUILT_PRODUCTS_DIR)/DropdownNavigation.app/DropdownNavigation";
				FRAMEWORK_SEARCH_PATHS = (
					"$(SDKROOT)/Developer/Library/Frameworks",
					"$(inherited)",
				);
				INFOPLIST_FILE = DropdownNavigationTests/Info.plist;
				LD_RUNPATH_SEARCH_PATHS = "$(inherited) @executable_path/Frameworks @loader_path/Frameworks";
				PRODUCT_NAME = "$(TARGET_NAME)";
				TEST_HOST = "$(BUNDLE_LOADER)";
			};
			name = Release;
		};
/* End XCBuildConfiguration section */

/* Begin XCConfigurationList section */
		C706D0AA19803A5B00A7FB19 /* Build configuration list for PBXProject "DropdownNavigation" */ = {
			isa = XCConfigurationList;
			buildConfigurations = (
				C706D0C919803A5B00A7FB19 /* Debug */,
				C706D0CA19803A5B00A7FB19 /* Release */,
			);
			defaultConfigurationIsVisible = 0;
			defaultConfigurationName = Release;
		};
		C706D0CB19803A5B00A7FB19 /* Build configuration list for PBXNativeTarget "DropdownNavigation" */ = {
			isa = XCConfigurationList;
			buildConfigurations = (
				C706D0CC19803A5B00A7FB19 /* Debug */,
				C706D0CD19803A5B00A7FB19 /* Release */,
			);
			defaultConfigurationIsVisible = 0;
		};
		C706D0CE19803A5B00A7FB19 /* Build configuration list for PBXNativeTarget "DropdownNavigationTests" */ = {
			isa = XCConfigurationList;
			buildConfigurations = (
				C706D0CF19803A5B00A7FB19 /* Debug */,
				C706D0D019803A5B00A7FB19 /* Release */,
			);
			defaultConfigurationIsVisible = 0;
		};
/* End XCConfigurationList section */
	};
	rootObject = C706D0A719803A5B00A7FB19 /* Project object */;
}
